uuid: 32d6adbf-04c8-4ca8-b38e-d13d5afb9b1a
langcode: en
status: true
dependencies:
  content:
    - 'block_content:basic:b3ce5c5d-fe67-4d56-9c28-d2a8f2137d5e'
  module:
    - block_content
  theme:
    - bartik
id: examplesidebarblock
theme: bartik
region: sidebar_first
weight: 0
provider: null
plugin: 'block_content:b3ce5c5d-fe67-4d56-9c28-d2a8f2137d5e'
settings:
  id: 'block_content:b3ce5c5d-fe67-4d56-9c28-d2a8f2137d5e'
  label: 'Example Sidebar Block'
  provider: block_content
  label_display: visible
  status: true
  info: ''
  view_mode: full
visibility: {  }
