uuid: d8a77438-f164-42e0-afde-ecd9efb88f7c
langcode: en
status: true
dependencies:
  content:
    - 'block_content:basic:85168967-97ff-403b-820e-bc7d5dba27a3'
  module:
    - block_content
  theme:
    - bartik
id: examplesidebarblock
theme: bartik
region: sidebar_first
weight: 0
provider: null
plugin: 'block_content:85168967-97ff-403b-820e-bc7d5dba27a3'
settings:
  id: 'block_content:85168967-97ff-403b-820e-bc7d5dba27a3'
  label: 'Example Sidebar Block'
  provider: block_content
  label_display: visible
  status: true
  info: ''
  view_mode: full
visibility: {  }
