uuid: fb554e93-0b1a-4696-870c-e5dd6c4f6368
langcode: en
status: true
dependencies:
  content:
    - 'block_content:basic:b3ce5c5d-fe67-4d56-9c28-d2a8f2137d5e'
  module:
    - block_content
  theme:
    - bartik
id: examplesidebarblock
theme: bartik
region: sidebar_first
weight: -5
provider: null
plugin: 'block_content:b3ce5c5d-fe67-4d56-9c28-d2a8f2137d5e'
settings:
  id: 'block_content:b3ce5c5d-fe67-4d56-9c28-d2a8f2137d5e'
  label: 'Example Sidebar Block'
  provider: block_content
  label_display: visible
  status: true
  info: ''
  view_mode: full
visibility: {  }
